
Microsoft Visual Studio Solution File, Format Version 12.00
# Visual Studio Version 17
VisualStudioVersion = 17.8.34330.188
MinimumVisualStudioVersion = 10.0.40219.1
Project("{FAE04EC0-301F-11D3-BF4B-00C04F79EFBC}") = "ChartsApi", "ChartsApi\ChartsApi.csproj", "{D0938841-90FD-4619-8E2F-06B07EDCCCA7}"
EndProject
Global
	GlobalSection(SolutionConfigurationPlatforms) = preSolution
		Debug|Any CPU = Debug|Any CPU
		Release|Any CPU = Release|Any CPU
	EndGlobalSection
	GlobalSection(ProjectConfigurationPlatforms) = postSolution
		{D0938841-90FD-4619-8E2F-06B07EDCCCA7}.Debug|Any CPU.ActiveCfg = Debug|Any CPU
		{D0938841-90FD-4619-8E2F-06B07EDCCCA7}.Debug|Any CPU.Build.0 = Debug|Any CPU
		{D0938841-90FD-4619-8E2F-06B07EDCCCA7}.Release|Any CPU.ActiveCfg = Release|Any CPU
		{D0938841-90FD-4619-8E2F-06B07EDCCCA7}.Release|Any CPU.Build.0 = Release|Any CPU
	EndGlobalSection
	GlobalSection(SolutionProperties) = preSolution
		HideSolutionNode = FALSE
	EndGlobalSection
	GlobalSection(ExtensibilityGlobals) = postSolution
		SolutionGuid = {536DEACE-3F85-4937-8FE8-EC5363D3B2B3}
	EndGlobalSection
EndGlobal
